
Microsoft Visual Studio Solution File, Format Version 12.00
# Visual Studio Version 16
VisualStudioVersion = 16.0.29123.88
MinimumVisualStudioVersion = 10.0.40219.1
Project("{9A19103F-16F7-4668-BE54-9A1E7A4F7556}") = "DependencyInjection", "DependencyInjection\DependencyInjection.csproj", "{E5F8864E-E783-4FDE-9CE3-59DC80DCF9E9}"
EndProject
Project("{9A19103F-16F7-4668-BE54-9A1E7A4F7556}") = "LoggingFramework", "LoggingFramework\LoggingFramework.csproj", "{1BD8E883-C877-4BE6-AFFD-293E6844A362}"
EndProject
Project("{9A19103F-16F7-4668-BE54-9A1E7A4F7556}") = "LongRunningProcess", "LongRunningProcess\LongRunningProcess.csproj", "{33409567-9FF5-43C6-819F-92BB29C02983}"
EndProject
Project("{9A19103F-16F7-4668-BE54-9A1E7A4F7556}") = "LoggingFrameworkTest", "LoggingFrameworkTest\LoggingFrameworkTest.csproj", "{6E3E83B8-002B-4DCB-B367-EB86A53BA970}"
EndProject
Project("{FAE04EC0-301F-11D3-BF4B-00C04F79EFBC}") = "Service", "Service\Service.csproj", "{DBF70AE1-730A-4D76-B133-C8AB2B108A2B}"
EndProject
Global
	GlobalSection(SolutionConfigurationPlatforms) = preSolution
		Debug|Any CPU = Debug|Any CPU
		Release|Any CPU = Release|Any CPU
	EndGlobalSection
	GlobalSection(ProjectConfigurationPlatforms) = postSolution
		{E5F8864E-E783-4FDE-9CE3-59DC80DCF9E9}.Debug|Any CPU.ActiveCfg = Debug|Any CPU
		{E5F8864E-E783-4FDE-9CE3-59DC80DCF9E9}.Debug|Any CPU.Build.0 = Debug|Any CPU
		{E5F8864E-E783-4FDE-9CE3-59DC80DCF9E9}.Release|Any CPU.ActiveCfg = Release|Any CPU
		{E5F8864E-E783-4FDE-9CE3-59DC80DCF9E9}.Release|Any CPU.Build.0 = Release|Any CPU
		{1BD8E883-C877-4BE6-AFFD-293E6844A362}.Debug|Any CPU.ActiveCfg = Debug|Any CPU
		{1BD8E883-C877-4BE6-AFFD-293E6844A362}.Debug|Any CPU.Build.0 = Debug|Any CPU
		{1BD8E883-C877-4BE6-AFFD-293E6844A362}.Release|Any CPU.ActiveCfg = Release|Any CPU
		{1BD8E883-C877-4BE6-AFFD-293E6844A362}.Release|Any CPU.Build.0 = Release|Any CPU
		{33409567-9FF5-43C6-819F-92BB29C02983}.Debug|Any CPU.ActiveCfg = Debug|Any CPU
		{33409567-9FF5-43C6-819F-92BB29C02983}.Debug|Any CPU.Build.0 = Debug|Any CPU
		{33409567-9FF5-43C6-819F-92BB29C02983}.Release|Any CPU.ActiveCfg = Release|Any CPU
		{33409567-9FF5-43C6-819F-92BB29C02983}.Release|Any CPU.Build.0 = Release|Any CPU
		{6E3E83B8-002B-4DCB-B367-EB86A53BA970}.Debug|Any CPU.ActiveCfg = Debug|Any CPU
		{6E3E83B8-002B-4DCB-B367-EB86A53BA970}.Debug|Any CPU.Build.0 = Debug|Any CPU
		{6E3E83B8-002B-4DCB-B367-EB86A53BA970}.Release|Any CPU.ActiveCfg = Release|Any CPU
		{6E3E83B8-002B-4DCB-B367-EB86A53BA970}.Release|Any CPU.Build.0 = Release|Any CPU
		{DBF70AE1-730A-4D76-B133-C8AB2B108A2B}.Debug|Any CPU.ActiveCfg = Debug|Any CPU
		{DBF70AE1-730A-4D76-B133-C8AB2B108A2B}.Debug|Any CPU.Build.0 = Debug|Any CPU
		{DBF70AE1-730A-4D76-B133-C8AB2B108A2B}.Release|Any CPU.ActiveCfg = Release|Any CPU
		{DBF70AE1-730A-4D76-B133-C8AB2B108A2B}.Release|Any CPU.Build.0 = Release|Any CPU
	EndGlobalSection
	GlobalSection(SolutionProperties) = preSolution
		HideSolutionNode = FALSE
	EndGlobalSection
	GlobalSection(ExtensibilityGlobals) = postSolution
		SolutionGuid = {013E80AA-DBB8-4AA2-B2C7-9ECF57522D45}
	EndGlobalSection
EndGlobal
