
Microsoft Visual Studio Solution File, Format Version 12.00
# Visual Studio Version 16
VisualStudioVersion = 16.0.29123.88
MinimumVisualStudioVersion = 10.0.40219.1
Project("{9A19103F-16F7-4668-BE54-9A1E7A4F7556}") = "Reef-Survey", "..\Reef-Survey.csproj", "{1B8410FA-48BB-462C-9201-DB38C9D3C8D8}"
EndProject
Global
	GlobalSection(SolutionConfigurationPlatforms) = preSolution
		Debug|Any CPU = Debug|Any CPU
		Release|Any CPU = Release|Any CPU
	EndGlobalSection
	GlobalSection(ProjectConfigurationPlatforms) = postSolution
		{1B8410FA-48BB-462C-9201-DB38C9D3C8D8}.Debug|Any CPU.ActiveCfg = Debug|Any CPU
		{1B8410FA-48BB-462C-9201-DB38C9D3C8D8}.Debug|Any CPU.Build.0 = Debug|Any CPU
		{1B8410FA-48BB-462C-9201-DB38C9D3C8D8}.Release|Any CPU.ActiveCfg = Release|Any CPU
		{1B8410FA-48BB-462C-9201-DB38C9D3C8D8}.Release|Any CPU.Build.0 = Release|Any CPU
	EndGlobalSection
	GlobalSection(SolutionProperties) = preSolution
		HideSolutionNode = FALSE
	EndGlobalSection
	GlobalSection(ExtensibilityGlobals) = postSolution
		SolutionGuid = {567A9E2F-9898-489B-93F4-05D75CEB8342}
	EndGlobalSection
EndGlobal
