
Microsoft Visual Studio Solution File, Format Version 12.00
# Visual Studio Version 16
VisualStudioVersion = 16.0.29123.88
MinimumVisualStudioVersion = 10.0.40219.1
Project("{FAE04EC0-301F-11D3-BF4B-00C04F79EFBC}") = "BisectionAlgorithm", "BisectionAlgorithm\BisectionAlgorithm.csproj", "{D2B58A3D-9CEA-40CA-AB9D-B00B571E6AE9}"
EndProject
Project("{FAE04EC0-301F-11D3-BF4B-00C04F79EFBC}") = "UnitTestProject1", "UnitTestProject1\UnitTestProject1.csproj", "{7F461D49-4A67-449C-9FBF-4CDA30AB79F5}"
EndProject
Global
	GlobalSection(SolutionConfigurationPlatforms) = preSolution
		Debug|Any CPU = Debug|Any CPU
		Release|Any CPU = Release|Any CPU
	EndGlobalSection
	GlobalSection(ProjectConfigurationPlatforms) = postSolution
		{D2B58A3D-9CEA-40CA-AB9D-B00B571E6AE9}.Debug|Any CPU.ActiveCfg = Debug|Any CPU
		{D2B58A3D-9CEA-40CA-AB9D-B00B571E6AE9}.Debug|Any CPU.Build.0 = Debug|Any CPU
		{D2B58A3D-9CEA-40CA-AB9D-B00B571E6AE9}.Release|Any CPU.ActiveCfg = Release|Any CPU
		{D2B58A3D-9CEA-40CA-AB9D-B00B571E6AE9}.Release|Any CPU.Build.0 = Release|Any CPU
		{7F461D49-4A67-449C-9FBF-4CDA30AB79F5}.Debug|Any CPU.ActiveCfg = Debug|Any CPU
		{7F461D49-4A67-449C-9FBF-4CDA30AB79F5}.Debug|Any CPU.Build.0 = Debug|Any CPU
		{7F461D49-4A67-449C-9FBF-4CDA30AB79F5}.Release|Any CPU.ActiveCfg = Release|Any CPU
		{7F461D49-4A67-449C-9FBF-4CDA30AB79F5}.Release|Any CPU.Build.0 = Release|Any CPU
	EndGlobalSection
	GlobalSection(SolutionProperties) = preSolution
		HideSolutionNode = FALSE
	EndGlobalSection
	GlobalSection(ExtensibilityGlobals) = postSolution
		SolutionGuid = {E3BCA4F6-59B8-4258-9B5A-BE4303B5AE4C}
	EndGlobalSection
EndGlobal
