
Microsoft Visual Studio Solution File, Format Version 12.00
# Visual Studio Version 16
VisualStudioVersion = 16.0.29020.237
MinimumVisualStudioVersion = 10.0.40219.1
Project("{9A19103F-16F7-4668-BE54-9A1E7A4F7556}") = "Reef-Survey", "Reef-Survey.csproj", "{BE268461-3D55-4F73-B920-0B40697935B2}"
EndProject
Project("{9A19103F-16F7-4668-BE54-9A1E7A4F7556}") = "Reef.Model", "..\Reef.Model\Reef.Model.csproj", "{973AEC01-B294-4A99-8559-27F4207F9B0E}"
EndProject
Project("{FAE04EC0-301F-11D3-BF4B-00C04F79EFBC}") = "Reef-Survey.Parser", "..\Reef-Survey.Parser\Reef-Survey.Parser.csproj", "{CDC3B15C-3DCC-42DB-9501-48AB7F4BD4E5}"
EndProject
Global
	GlobalSection(SolutionConfigurationPlatforms) = preSolution
		Debug|Any CPU = Debug|Any CPU
		Release|Any CPU = Release|Any CPU
	EndGlobalSection
	GlobalSection(ProjectConfigurationPlatforms) = postSolution
		{BE268461-3D55-4F73-B920-0B40697935B2}.Debug|Any CPU.ActiveCfg = Debug|Any CPU
		{BE268461-3D55-4F73-B920-0B40697935B2}.Debug|Any CPU.Build.0 = Debug|Any CPU
		{BE268461-3D55-4F73-B920-0B40697935B2}.Release|Any CPU.ActiveCfg = Release|Any CPU
		{BE268461-3D55-4F73-B920-0B40697935B2}.Release|Any CPU.Build.0 = Release|Any CPU
		{973AEC01-B294-4A99-8559-27F4207F9B0E}.Debug|Any CPU.ActiveCfg = Debug|Any CPU
		{973AEC01-B294-4A99-8559-27F4207F9B0E}.Debug|Any CPU.Build.0 = Debug|Any CPU
		{973AEC01-B294-4A99-8559-27F4207F9B0E}.Release|Any CPU.ActiveCfg = Release|Any CPU
		{973AEC01-B294-4A99-8559-27F4207F9B0E}.Release|Any CPU.Build.0 = Release|Any CPU
		{CDC3B15C-3DCC-42DB-9501-48AB7F4BD4E5}.Debug|Any CPU.ActiveCfg = Debug|Any CPU
		{CDC3B15C-3DCC-42DB-9501-48AB7F4BD4E5}.Debug|Any CPU.Build.0 = Debug|Any CPU
		{CDC3B15C-3DCC-42DB-9501-48AB7F4BD4E5}.Release|Any CPU.ActiveCfg = Release|Any CPU
		{CDC3B15C-3DCC-42DB-9501-48AB7F4BD4E5}.Release|Any CPU.Build.0 = Release|Any CPU
	EndGlobalSection
	GlobalSection(SolutionProperties) = preSolution
		HideSolutionNode = FALSE
	EndGlobalSection
	GlobalSection(ExtensibilityGlobals) = postSolution
		SolutionGuid = {3C3F0073-A33E-4ED7-B7EB-5F238E812C44}
	EndGlobalSection
EndGlobal
