
Microsoft Visual Studio Solution File, Format Version 12.00
# Visual Studio Version 16
VisualStudioVersion = 16.0.29123.88
MinimumVisualStudioVersion = 10.0.40219.1
Project("{9A19103F-16F7-4668-BE54-9A1E7A4F7556}") = "SportsStore", "SportsStore\SportsStore.csproj", "{1D5C9EC5-FC0E-4946-8679-F6985AD154FE}"
EndProject
Project("{FAE04EC0-301F-11D3-BF4B-00C04F79EFBC}") = "SportsStore.Test", "SportsStore.Test\SportsStore.Test.csproj", "{E9D46DE8-842A-46FE-B393-0F64BA5876B3}"
EndProject
Global
	GlobalSection(SolutionConfigurationPlatforms) = preSolution
		Debug|Any CPU = Debug|Any CPU
		Release|Any CPU = Release|Any CPU
	EndGlobalSection
	GlobalSection(ProjectConfigurationPlatforms) = postSolution
		{1D5C9EC5-FC0E-4946-8679-F6985AD154FE}.Debug|Any CPU.ActiveCfg = Debug|Any CPU
		{1D5C9EC5-FC0E-4946-8679-F6985AD154FE}.Debug|Any CPU.Build.0 = Debug|Any CPU
		{1D5C9EC5-FC0E-4946-8679-F6985AD154FE}.Release|Any CPU.ActiveCfg = Release|Any CPU
		{1D5C9EC5-FC0E-4946-8679-F6985AD154FE}.Release|Any CPU.Build.0 = Release|Any CPU
		{E9D46DE8-842A-46FE-B393-0F64BA5876B3}.Debug|Any CPU.ActiveCfg = Debug|Any CPU
		{E9D46DE8-842A-46FE-B393-0F64BA5876B3}.Debug|Any CPU.Build.0 = Debug|Any CPU
		{E9D46DE8-842A-46FE-B393-0F64BA5876B3}.Release|Any CPU.ActiveCfg = Release|Any CPU
		{E9D46DE8-842A-46FE-B393-0F64BA5876B3}.Release|Any CPU.Build.0 = Release|Any CPU
	EndGlobalSection
	GlobalSection(SolutionProperties) = preSolution
		HideSolutionNode = FALSE
	EndGlobalSection
	GlobalSection(ExtensibilityGlobals) = postSolution
		SolutionGuid = {75225511-44C1-49DA-9CDF-F9BB800E9FB7}
	EndGlobalSection
EndGlobal
